
Microsoft Visual Studio Solution File, Format Version 12.00
# Visual Studio 15
VisualStudioVersion = 15.0.26228.4
MinimumVisualStudioVersion = 10.0.40219.1
Project("{FAE04EC0-301F-11D3-BF4B-00C04F79EFBC}") = "AzureTableStorageSample", "AzureTableStorageSample\AzureTableStorageSample.csproj", "{9AA6035C-7DE3-40DF-8592-4E12B9ADA128}"
EndProject
Global
	GlobalSection(SolutionConfigurationPlatforms) = preSolution
		Debug|Any CPU = Debug|Any CPU
		Release|Any CPU = Release|Any CPU
	EndGlobalSection
	GlobalSection(ProjectConfigurationPlatforms) = postSolution
		{9AA6035C-7DE3-40DF-8592-4E12B9ADA128}.Debug|Any CPU.ActiveCfg = Debug|Any CPU
		{9AA6035C-7DE3-40DF-8592-4E12B9ADA128}.Debug|Any CPU.Build.0 = Debug|Any CPU
		{9AA6035C-7DE3-40DF-8592-4E12B9ADA128}.Release|Any CPU.ActiveCfg = Release|Any CPU
		{9AA6035C-7DE3-40DF-8592-4E12B9ADA128}.Release|Any CPU.Build.0 = Release|Any CPU
	EndGlobalSection
	GlobalSection(SolutionProperties) = preSolution
		HideSolutionNode = FALSE
	EndGlobalSection
EndGlobal
